// !$*UTF8*$!
{
	archiveVersion = 1;
	classes = {
	};
	objectVersion = 56;
	objects = {

/* Begin PBXBuildFile section */
		AFBC21072A87551200723AD5 /* Todo_ListApp.swift in Sources */ = {isa = PBXBuildFile; fileRef = AFBC21062A87551200723AD5 /* Todo_ListApp.swift */; };
		AFBC210B2A87551300723AD5 /* Assets.xcassets in Resources */ = {isa = PBXBuildFile; fileRef = AFBC210A2A87551300723AD5 /* Assets.xcassets */; };
		AFBC210E2A87551300723AD5 /* Preview Assets.xcassets in Resources */ = {isa = PBXBuildFile; fileRef = AFBC210D2A87551300723AD5 /* Preview Assets.xcassets */; };
		AFBC21172A87583900723AD5 /* ListView.swift in Sources */ = {isa = PBXBuildFile; fileRef = AFBC21162A87583900723AD5 /* ListView.swift */; };
		AFBC21192A875A2E00723AD5 /* ListRowView.swift in Sources */ = {isa = PBXBuildFile; fileRef = AFBC21182A875A2E00723AD5 /* ListRowView.swift */; };
		AFBC211B2A875C3500723AD5 /* AddView.swift in Sources */ = {isa = PBXBuildFile; fileRef = AFBC211A2A875C3500723AD5 /* AddView.swift */; };
		AFBC211E2A875F0E00723AD5 /* itemModel.swift in Sources */ = {isa = PBXBuildFile; fileRef = AFBC211D2A875F0E00723AD5 /* itemModel.swift */; };
		AFBC21212A876DCA00723AD5 /* ListViewModel.swift in Sources */ = {isa = PBXBuildFile; fileRef = AFBC21202A876DCA00723AD5 /* ListViewModel.swift */; };
/* End PBXBuildFile section */

/* Begin PBXFileReference section */
		AFBC21032A87551200723AD5 /* Todo List.app */ = {isa = PBXFileReference; explicitFileType = wrapper.application; includeInIndex = 0; path = "Todo List.app"; sourceTree = BUILT_PRODUCTS_DIR; };
		AFBC21062A87551200723AD5 /* Todo_ListApp.swift */ = {isa = PBXFileReference; lastKnownFileType = sourcecode.swift; path = Todo_ListApp.swift; sourceTree = "<group>"; };
		AFBC210A2A87551300723AD5 /* Assets.xcassets */ = {isa = PBXFileReference; lastKnownFileType = folder.assetcatalog; path = Assets.xcassets; sourceTree = "<group>"; };
		AFBC210D2A87551300723AD5 /* Preview Assets.xcassets */ = {isa = PBXFileReference; lastKnownFileType = folder.assetcatalog; path = "Preview Assets.xcassets"; sourceTree = "<group>"; };
		AFBC21162A87583900723AD5 /* ListView.swift */ = {isa = PBXFileReference; lastKnownFileType = sourcecode.swift; path = ListView.swift; sourceTree = "<group>"; };
		AFBC21182A875A2E00723AD5 /* ListRowView.swift */ = {isa = PBXFileReference; lastKnownFileType = sourcecode.swift; path = ListRowView.swift; sourceTree = "<group>"; };
		AFBC211A2A875C3500723AD5 /* AddView.swift */ = {isa = PBXFileReference; lastKnownFileType = sourcecode.swift; path = AddView.swift; sourceTree = "<group>"; };
		AFBC211D2A875F0E00723AD5 /* itemModel.swift */ = {isa = PBXFileReference; lastKnownFileType = sourcecode.swift; path = itemModel.swift; sourceTree = "<group>"; };
		AFBC21202A876DCA00723AD5 /* ListViewModel.swift */ = {isa = PBXFileReference; lastKnownFileType = sourcecode.swift; path = ListViewModel.swift; sourceTree = "<group>"; };
/* End PBXFileReference section */

/* Begin PBXFrameworksBuildPhase section */
		AFBC21002A87551200723AD5 /* Frameworks */ = {
			isa = PBXFrameworksBuildPhase;
			buildActionMask = 2147483647;
			files = (
			);
			runOnlyForDeploymentPostprocessing = 0;
		};
/* End PBXFrameworksBuildPhase section */

/* Begin PBXGroup section */
		AFBC20FA2A87551200723AD5 = {
			isa = PBXGroup;
			children = (
				AFBC21052A87551200723AD5 /* Todo List */,
				AFBC21042A87551200723AD5 /* Products */,
			);
			sourceTree = "<group>";
		};
		AFBC21042A87551200723AD5 /* Products */ = {
			isa = PBXGroup;
			children = (
				AFBC21032A87551200723AD5 /* Todo List.app */,
			);
			name = Products;
			sourceTree = "<group>";
		};
		AFBC21052A87551200723AD5 /* Todo List */ = {
			isa = PBXGroup;
			children = (
				AFBC21062A87551200723AD5 /* Todo_ListApp.swift */,
				AFBC211C2A875EE200723AD5 /* Models */,
				AFBC211F2A876D9600723AD5 /* ViewModels */,
				AFBC21142A8757F800723AD5 /* Views */,
				AFBC210A2A87551300723AD5 /* Assets.xcassets */,
				AFBC210C2A87551300723AD5 /* Preview Content */,
			);
			path = "Todo List";
			sourceTree = "<group>";
		};
		AFBC210C2A87551300723AD5 /* Preview Content */ = {
			isa = PBXGroup;
			children = (
				AFBC210D2A87551300723AD5 /* Preview Assets.xcassets */,
			);
			path = "Preview Content";
			sourceTree = "<group>";
		};
		AFBC21142A8757F800723AD5 /* Views */ = {
			isa = PBXGroup;
			children = (
				AFBC21162A87583900723AD5 /* ListView.swift */,
				AFBC21182A875A2E00723AD5 /* ListRowView.swift */,
				AFBC211A2A875C3500723AD5 /* AddView.swift */,
			);
			path = Views;
			sourceTree = "<group>";
		};
		AFBC211C2A875EE200723AD5 /* Models */ = {
			isa = PBXGroup;
			children = (
				AFBC211D2A875F0E00723AD5 /* itemModel.swift */,
			);
			path = Models;
			sourceTree = "<group>";
		};
		AFBC211F2A876D9600723AD5 /* ViewModels */ = {
			isa = PBXGroup;
			children = (
				AFBC21202A876DCA00723AD5 /* ListViewModel.swift */,
			);
			path = ViewModels;
			sourceTree = "<group>";
		};
/* End PBXGroup section */

/* Begin PBXNativeTarget section */
		AFBC21022A87551200723AD5 /* Todo List */ = {
			isa = PBXNativeTarget;
			buildConfigurationList = AFBC21112A87551300723AD5 /* Build configuration list for PBXNativeTarget "Todo List" */;
			buildPhases = (
				AFBC20FF2A87551200723AD5 /* Sources */,
				AFBC21002A87551200723AD5 /* Frameworks */,
				AFBC21012A87551200723AD5 /* Resources */,
			);
			buildRules = (
			);
			dependencies = (
			);
			name = "Todo List";
			productName = "Todo List";
			productReference = AFBC21032A87551200723AD5 /* Todo List.app */;
			productType = "com.apple.product-type.application";
		};
/* End PBXNativeTarget section */

/* Begin PBXProject section */
		AFBC20FB2A87551200723AD5 /* Project object */ = {
			isa = PBXProject;
			attributes = {
				BuildIndependentTargetsInParallel = 1;
				LastSwiftUpdateCheck = 1430;
				LastUpgradeCheck = 1430;
				TargetAttributes = {
					AFBC21022A87551200723AD5 = {
						CreatedOnToolsVersion = 14.3;
					};
				};
			};
			buildConfigurationList = AFBC20FE2A87551200723AD5 /* Build configuration list for PBXProject "Todo List" */;
			compatibilityVersion = "Xcode 14.0";
			developmentRegion = en;
			hasScannedForEncodings = 0;
			knownRegions = (
				en,
				Base,
			);
			mainGroup = AFBC20FA2A87551200723AD5;
			productRefGroup = AFBC21042A87551200723AD5 /* Products */;
			projectDirPath = "";
			projectRoot = "";
			targets = (
				AFBC21022A87551200723AD5 /* Todo List */,
			);
		};
/* End PBXProject section */

/* Begin PBXResourcesBuildPhase section */
		AFBC21012A87551200723AD5 /* Resources */ = {
			isa = PBXResourcesBuildPhase;
			buildActionMask = 2147483647;
			files = (
				AFBC210E2A87551300723AD5 /* Preview Assets.xcassets in Resources */,
				AFBC210B2A87551300723AD5 /* Assets.xcassets in Resources */,
			);
			runOnlyForDeploymentPostprocessing = 0;
		};
/* End PBXResourcesBuildPhase section */

/* Begin PBXSourcesBuildPhase section */
		AFBC20FF2A87551200723AD5 /* Sources */ = {
			isa = PBXSourcesBuildPhase;
			buildActionMask = 2147483647;
			files = (
				AFBC211B2A875C3500723AD5 /* AddView.swift in Sources */,
				AFBC21072A87551200723AD5 /* Todo_ListApp.swift in Sources */,
				AFBC21212A876DCA00723AD5 /* ListViewModel.swift in Sources */,
				AFBC21172A87583900723AD5 /* ListView.swift in Sources */,
				AFBC211E2A875F0E00723AD5 /* itemModel.swift in Sources */,
				AFBC21192A875A2E00723AD5 /* ListRowView.swift in Sources */,
			);
			runOnlyForDeploymentPostprocessing = 0;
		};
/* End PBXSourcesBuildPhase section */

/* Begin XCBuildConfiguration section */
		AFBC210F2A87551300723AD5 /* Debug */ = {
			isa = XCBuildConfiguration;
			buildSettings = {
				ALWAYS_SEARCH_USER_PATHS = NO;
				CLANG_ANALYZER_NONNULL = YES;
				CLANG_ANALYZER_NUMBER_OBJECT_CONVERSION = YES_AGGRESSIVE;
				CLANG_CXX_LANGUAGE_STANDARD = "gnu++20";
				CLANG_ENABLE_MODULES = YES;
				CLANG_ENABLE_OBJC_ARC = YES;
				CLANG_ENABLE_OBJC_WEAK = YES;
				CLANG_WARN_BLOCK_CAPTURE_AUTORELEASING = YES;
				CLANG_WARN_BOOL_CONVERSION = YES;
				CLANG_WARN_COMMA = YES;
				CLANG_WARN_CONSTANT_CONVERSION = YES;
				CLANG_WARN_DEPRECATED_OBJC_IMPLEMENTATIONS = YES;
				CLANG_WARN_DIRECT_OBJC_ISA_USAGE = YES_ERROR;
				CLANG_WARN_DOCUMENTATION_COMMENTS = YES;
				CLANG_WARN_EMPTY_BODY = YES;
				CLANG_WARN_ENUM_CONVERSION = YES;
				CLANG_WARN_INFINITE_RECURSION = YES;
				CLANG_WARN_INT_CONVERSION = YES;
				CLANG_WARN_NON_LITERAL_NULL_CONVERSION = YES;
				CLANG_WARN_OBJC_IMPLICIT_RETAIN_SELF = YES;
				CLANG_WARN_OBJC_LITERAL_CONVERSION = YES;
				CLANG_WARN_OBJC_ROOT_CLASS = YES_ERROR;
				CLANG_WARN_QUOTED_INCLUDE_IN_FRAMEWORK_HEADER = YES;
				CLANG_WARN_RANGE_LOOP_ANALYSIS = YES;
				CLANG_WARN_STRICT_PROTOTYPES = YES;
				CLANG_WARN_SUSPICIOUS_MOVE = YES;
				CLANG_WARN_UNGUARDED_AVAILABILITY = YES_AGGRESSIVE;
				CLANG_WARN_UNREACHABLE_CODE = YES;
				CLANG_WARN__DUPLICATE_METHOD_MATCH = YES;
				COPY_PHASE_STRIP = NO;
				DEBUG_INFORMATION_FORMAT = dwarf;
				ENABLE_STRICT_OBJC_MSGSEND = YES;
				ENABLE_TESTABILITY = YES;
				GCC_C_LANGUAGE_STANDARD = gnu11;
				GCC_DYNAMIC_NO_PIC = NO;
				GCC_NO_COMMON_BLOCKS = YES;
				GCC_OPTIMIZATION_LEVEL = 0;
				GCC_PREPROCESSOR_DEFINITIONS = (
					"DEBUG=1",
					"$(inherited)",
				);
				GCC_WARN_64_TO_32_BIT_CONVERSION = YES;
				GCC_WARN_ABOUT_RETURN_TYPE = YES_ERROR;
				GCC_WARN_UNDECLARED_SELECTOR = YES;
				GCC_WARN_UNINITIALIZED_AUTOS = YES_AGGRESSIVE;
				GCC_WARN_UNUSED_FUNCTION = YES;
				GCC_WARN_UNUSED_VARIABLE = YES;
				IPHONEOS_DEPLOYMENT_TARGET = 16.4;
				MTL_ENABLE_DEBUG_INFO = INCLUDE_SOURCE;
				MTL_FAST_MATH = YES;
				ONLY_ACTIVE_ARCH = YES;
				SDKROOT = iphoneos;
				SWIFT_ACTIVE_COMPILATION_CONDITIONS = DEBUG;
				SWIFT_OPTIMIZATION_LEVEL = "-Onone";
			};
			name = Debug;
		};
		AFBC21102A87551300723AD5 /* Release */ = {
			isa = XCBuildConfiguration;
			buildSettings = {
				ALWAYS_SEARCH_USER_PATHS = NO;
				CLANG_ANALYZER_NONNULL = YES;
				CLANG_ANALYZER_NUMBER_OBJECT_CONVERSION = YES_AGGRESSIVE;
				CLANG_CXX_LANGUAGE_STANDARD = "gnu++20";
				CLANG_ENABLE_MODULES = YES;
				CLANG_ENABLE_OBJC_ARC = YES;
				CLANG_ENABLE_OBJC_WEAK = YES;
				CLANG_WARN_BLOCK_CAPTURE_AUTORELEASING = YES;
				CLANG_WARN_BOOL_CONVERSION = YES;
				CLANG_WARN_COMMA = YES;
				CLANG_WARN_CONSTANT_CONVERSION = YES;
				CLANG_WARN_DEPRECATED_OBJC_IMPLEMENTATIONS = YES;
				CLANG_WARN_DIRECT_OBJC_ISA_USAGE = YES_ERROR;
				CLANG_WARN_DOCUMENTATION_COMMENTS = YES;
				CLANG_WARN_EMPTY_BODY = YES;
				CLANG_WARN_ENUM_CONVERSION = YES;
				CLANG_WARN_INFINITE_RECURSION = YES;
				CLANG_WARN_INT_CONVERSION = YES;
				CLANG_WARN_NON_LITERAL_NULL_CONVERSION = YES;
				CLANG_WARN_OBJC_IMPLICIT_RETAIN_SELF = YES;
				CLANG_WARN_OBJC_LITERAL_CONVERSION = YES;
				CLANG_WARN_OBJC_ROOT_CLASS = YES_ERROR;
				CLANG_WARN_QUOTED_INCLUDE_IN_FRAMEWORK_HEADER = YES;
				CLANG_WARN_RANGE_LOOP_ANALYSIS = YES;
				CLANG_WARN_STRICT_PROTOTYPES = YES;
				CLANG_WARN_SUSPICIOUS_MOVE = YES;
				CLANG_WARN_UNGUARDED_AVAILABILITY = YES_AGGRESSIVE;
				CLANG_WARN_UNREACHABLE_CODE = YES;
				CLANG_WARN__DUPLICATE_METHOD_MATCH = YES;
				COPY_PHASE_STRIP = NO;
				DEBUG_INFORMATION_FORMAT = "dwarf-with-dsym";
				ENABLE_NS_ASSERTIONS = NO;
				ENABLE_STRICT_OBJC_MSGSEND = YES;
				GCC_C_LANGUAGE_STANDARD = gnu11;
				GCC_NO_COMMON_BLOCKS = YES;
				GCC_WARN_64_TO_32_BIT_CONVERSION = YES;
				GCC_WARN_ABOUT_RETURN_TYPE = YES_ERROR;
				GCC_WARN_UNDECLARED_SELECTOR = YES;
				GCC_WARN_UNINITIALIZED_AUTOS = YES_AGGRESSIVE;
				GCC_WARN_UNUSED_FUNCTION = YES;
				GCC_WARN_UNUSED_VARIABLE = YES;
				IPHONEOS_DEPLOYMENT_TARGET = 16.4;
				MTL_ENABLE_DEBUG_INFO = NO;
				MTL_FAST_MATH = YES;
				SDKROOT = iphoneos;
				SWIFT_COMPILATION_MODE = wholemodule;
				SWIFT_OPTIMIZATION_LEVEL = "-O";
				VALIDATE_PRODUCT = YES;
			};
			name = Release;
		};
		AFBC21122A87551300723AD5 /* Debug */ = {
			isa = XCBuildConfiguration;
			buildSettings = {
				ASSETCATALOG_COMPILER_APPICON_NAME = AppIcon;
				ASSETCATALOG_COMPILER_GLOBAL_ACCENT_COLOR_NAME = AccentColor;
				CODE_SIGN_STYLE = Automatic;
				CURRENT_PROJECT_VERSION = 1;
				DEVELOPMENT_ASSET_PATHS = "\"Todo List/Preview Content\"";
				DEVELOPMENT_TEAM = SXHBS4Q37N;
				ENABLE_PREVIEWS = YES;
				GENERATE_INFOPLIST_FILE = YES;
				INFOPLIST_KEY_UIApplicationSceneManifest_Generation = YES;
				INFOPLIST_KEY_UIApplicationSupportsIndirectInputEvents = YES;
				INFOPLIST_KEY_UILaunchScreen_Generation = YES;
				INFOPLIST_KEY_UISupportedInterfaceOrientations_iPad = "UIInterfaceOrientationPortrait UIInterfaceOrientationPortraitUpsideDown UIInterfaceOrientationLandscapeLeft UIInterfaceOrientationLandscapeRight";
				INFOPLIST_KEY_UISupportedInterfaceOrientations_iPhone = "UIInterfaceOrientationPortrait UIInterfaceOrientationLandscapeLeft UIInterfaceOrientationLandscapeRight";
				LD_RUNPATH_SEARCH_PATHS = (
					"$(inherited)",
					"@executable_path/Frameworks",
				);
				MARKETING_VERSION = 1.0;
				PRODUCT_BUNDLE_IDENTIFIER = "shwaaaa.Todo-List";
				PRODUCT_NAME = "$(TARGET_NAME)";
				SWIFT_EMIT_LOC_STRINGS = YES;
				SWIFT_VERSION = 5.0;
				TARGETED_DEVICE_FAMILY = "1,2";
			};
			name = Debug;
		};
		AFBC21132A87551300723AD5 /* Release */ = {
			isa = XCBuildConfiguration;
			buildSettings = {
				ASSETCATALOG_COMPILER_APPICON_NAME = AppIcon;
				ASSETCATALOG_COMPILER_GLOBAL_ACCENT_COLOR_NAME = AccentColor;
				CODE_SIGN_STYLE = Automatic;
				CURRENT_PROJECT_VERSION = 1;
				DEVELOPMENT_ASSET_PATHS = "\"Todo List/Preview Content\"";
				DEVELOPMENT_TEAM = SXHBS4Q37N;
				ENABLE_PREVIEWS = YES;
				GENERATE_INFOPLIST_FILE = YES;
				INFOPLIST_KEY_UIApplicationSceneManifest_Generation = YES;
				INFOPLIST_KEY_UIApplicationSupportsIndirectInputEvents = YES;
				INFOPLIST_KEY_UILaunchScreen_Generation = YES;
				INFOPLIST_KEY_UISupportedInterfaceOrientations_iPad = "UIInterfaceOrientationPortrait UIInterfaceOrientationPortraitUpsideDown UIInterfaceOrientationLandscapeLeft UIInterfaceOrientationLandscapeRight";
				INFOPLIST_KEY_UISupportedInterfaceOrientations_iPhone = "UIInterfaceOrientationPortrait UIInterfaceOrientationLandscapeLeft UIInterfaceOrientationLandscapeRight";
				LD_RUNPATH_SEARCH_PATHS = (
					"$(inherited)",
					"@executable_path/Frameworks",
				);
				MARKETING_VERSION = 1.0;
				PRODUCT_BUNDLE_IDENTIFIER = "shwaaaa.Todo-List";
				PRODUCT_NAME = "$(TARGET_NAME)";
				SWIFT_EMIT_LOC_STRINGS = YES;
				SWIFT_VERSION = 5.0;
				TARGETED_DEVICE_FAMILY = "1,2";
			};
			name = Release;
		};
/* End XCBuildConfiguration section */

/* Begin XCConfigurationList section */
		AFBC20FE2A87551200723AD5 /* Build configuration list for PBXProject "Todo List" */ = {
			isa = XCConfigurationList;
			buildConfigurations = (
				AFBC210F2A87551300723AD5 /* Debug */,
				AFBC21102A87551300723AD5 /* Release */,
			);
			defaultConfigurationIsVisible = 0;
			defaultConfigurationName = Release;
		};
		AFBC21112A87551300723AD5 /* Build configuration list for PBXNativeTarget "Todo List" */ = {
			isa = XCConfigurationList;
			buildConfigurations = (
				AFBC21122A87551300723AD5 /* Debug */,
				AFBC21132A87551300723AD5 /* Release */,
			);
			defaultConfigurationIsVisible = 0;
			defaultConfigurationName = Release;
		};
/* End XCConfigurationList section */
	};
	rootObject = AFBC20FB2A87551200723AD5 /* Project object */;
}
