// !$*UTF8*$!
{
	archiveVersion = 1;
	classes = {
	};
	objectVersion = 56;
	objects = {

/* Begin PBXBuildFile section */
		AF152F622ABE9A0800C3C8E0 /* PokedexApp.swift in Sources */ = {isa = PBXBuildFile; fileRef = AF152F612ABE9A0800C3C8E0 /* PokedexApp.swift */; };
		AF152F642ABE9A0800C3C8E0 /* ContentView.swift in Sources */ = {isa = PBXBuildFile; fileRef = AF152F632ABE9A0800C3C8E0 /* ContentView.swift */; };
		AF152F662ABE9A0A00C3C8E0 /* Assets.xcassets in Resources */ = {isa = PBXBuildFile; fileRef = AF152F652ABE9A0A00C3C8E0 /* Assets.xcassets */; };
		AF152F692ABE9A0A00C3C8E0 /* Preview Assets.xcassets in Resources */ = {isa = PBXBuildFile; fileRef = AF152F682ABE9A0A00C3C8E0 /* Preview Assets.xcassets */; };
		AF152F742ABE9DB800C3C8E0 /* Pokemon.swift in Sources */ = {isa = PBXBuildFile; fileRef = AF152F732ABE9DB800C3C8E0 /* Pokemon.swift */; };
		AF152F772ABEA00300C3C8E0 /* PokemonViewModel.swift in Sources */ = {isa = PBXBuildFile; fileRef = AF152F762ABEA00300C3C8E0 /* PokemonViewModel.swift */; };
		AF152F7A2ABEA9C300C3C8E0 /* PokemonCell.swift in Sources */ = {isa = PBXBuildFile; fileRef = AF152F792ABEA9C300C3C8E0 /* PokemonCell.swift */; };
		AF152F7C2ABEBAEC00C3C8E0 /* PokedexView.swift in Sources */ = {isa = PBXBuildFile; fileRef = AF152F7B2ABEBAEC00C3C8E0 /* PokedexView.swift */; };
		AF152F7F2ABECAAF00C3C8E0 /* Kingfisher in Frameworks */ = {isa = PBXBuildFile; productRef = AF152F7E2ABECAAF00C3C8E0 /* Kingfisher */; };
/* End PBXBuildFile section */

/* Begin PBXFileReference section */
		AF152F5E2ABE9A0800C3C8E0 /* Pokedex.app */ = {isa = PBXFileReference; explicitFileType = wrapper.application; includeInIndex = 0; path = Pokedex.app; sourceTree = BUILT_PRODUCTS_DIR; };
		AF152F612ABE9A0800C3C8E0 /* PokedexApp.swift */ = {isa = PBXFileReference; lastKnownFileType = sourcecode.swift; path = PokedexApp.swift; sourceTree = "<group>"; };
		AF152F632ABE9A0800C3C8E0 /* ContentView.swift */ = {isa = PBXFileReference; lastKnownFileType = sourcecode.swift; path = ContentView.swift; sourceTree = "<group>"; };
		AF152F652ABE9A0A00C3C8E0 /* Assets.xcassets */ = {isa = PBXFileReference; lastKnownFileType = folder.assetcatalog; path = Assets.xcassets; sourceTree = "<group>"; };
		AF152F682ABE9A0A00C3C8E0 /* Preview Assets.xcassets */ = {isa = PBXFileReference; lastKnownFileType = folder.assetcatalog; path = "Preview Assets.xcassets"; sourceTree = "<group>"; };
		AF152F732ABE9DB800C3C8E0 /* Pokemon.swift */ = {isa = PBXFileReference; lastKnownFileType = sourcecode.swift; path = Pokemon.swift; sourceTree = "<group>"; };
		AF152F762ABEA00300C3C8E0 /* PokemonViewModel.swift */ = {isa = PBXFileReference; lastKnownFileType = sourcecode.swift; path = PokemonViewModel.swift; sourceTree = "<group>"; };
		AF152F792ABEA9C300C3C8E0 /* PokemonCell.swift */ = {isa = PBXFileReference; lastKnownFileType = sourcecode.swift; path = PokemonCell.swift; sourceTree = "<group>"; };
		AF152F7B2ABEBAEC00C3C8E0 /* PokedexView.swift */ = {isa = PBXFileReference; lastKnownFileType = sourcecode.swift; path = PokedexView.swift; sourceTree = "<group>"; };
/* End PBXFileReference section */

/* Begin PBXFrameworksBuildPhase section */
		AF152F5B2ABE9A0800C3C8E0 /* Frameworks */ = {
			isa = PBXFrameworksBuildPhase;
			buildActionMask = 2147483647;
			files = (
				AF152F7F2ABECAAF00C3C8E0 /* Kingfisher in Frameworks */,
			);
			runOnlyForDeploymentPostprocessing = 0;
		};
/* End PBXFrameworksBuildPhase section */

/* Begin PBXGroup section */
		AF152F552ABE9A0800C3C8E0 = {
			isa = PBXGroup;
			children = (
				AF152F602ABE9A0800C3C8E0 /* Pokedex */,
				AF152F5F2ABE9A0800C3C8E0 /* Products */,
			);
			sourceTree = "<group>";
		};
		AF152F5F2ABE9A0800C3C8E0 /* Products */ = {
			isa = PBXGroup;
			children = (
				AF152F5E2ABE9A0800C3C8E0 /* Pokedex.app */,
			);
			name = Products;
			sourceTree = "<group>";
		};
		AF152F602ABE9A0800C3C8E0 /* Pokedex */ = {
			isa = PBXGroup;
			children = (
				AF152F612ABE9A0800C3C8E0 /* PokedexApp.swift */,
				AF152F632ABE9A0800C3C8E0 /* ContentView.swift */,
				AF152F722ABE9D9900C3C8E0 /* Models */,
				AF152F782ABEA97D00C3C8E0 /* Views */,
				AF152F752ABE9FE700C3C8E0 /* VIewModels */,
				AF152F652ABE9A0A00C3C8E0 /* Assets.xcassets */,
				AF152F672ABE9A0A00C3C8E0 /* Preview Content */,
			);
			path = Pokedex;
			sourceTree = "<group>";
		};
		AF152F672ABE9A0A00C3C8E0 /* Preview Content */ = {
			isa = PBXGroup;
			children = (
				AF152F682ABE9A0A00C3C8E0 /* Preview Assets.xcassets */,
			);
			path = "Preview Content";
			sourceTree = "<group>";
		};
		AF152F722ABE9D9900C3C8E0 /* Models */ = {
			isa = PBXGroup;
			children = (
				AF152F732ABE9DB800C3C8E0 /* Pokemon.swift */,
			);
			path = Models;
			sourceTree = "<group>";
		};
		AF152F752ABE9FE700C3C8E0 /* VIewModels */ = {
			isa = PBXGroup;
			children = (
				AF152F762ABEA00300C3C8E0 /* PokemonViewModel.swift */,
			);
			path = VIewModels;
			sourceTree = "<group>";
		};
		AF152F782ABEA97D00C3C8E0 /* Views */ = {
			isa = PBXGroup;
			children = (
				AF152F792ABEA9C300C3C8E0 /* PokemonCell.swift */,
				AF152F7B2ABEBAEC00C3C8E0 /* PokedexView.swift */,
			);
			path = Views;
			sourceTree = "<group>";
		};
/* End PBXGroup section */

/* Begin PBXNativeTarget section */
		AF152F5D2ABE9A0800C3C8E0 /* Pokedex */ = {
			isa = PBXNativeTarget;
			buildConfigurationList = AF152F6C2ABE9A0A00C3C8E0 /* Build configuration list for PBXNativeTarget "Pokedex" */;
			buildPhases = (
				AF152F5A2ABE9A0800C3C8E0 /* Sources */,
				AF152F5B2ABE9A0800C3C8E0 /* Frameworks */,
				AF152F5C2ABE9A0800C3C8E0 /* Resources */,
			);
			buildRules = (
			);
			dependencies = (
			);
			name = Pokedex;
			packageProductDependencies = (
				AF152F7E2ABECAAF00C3C8E0 /* Kingfisher */,
			);
			productName = Pokedex;
			productReference = AF152F5E2ABE9A0800C3C8E0 /* Pokedex.app */;
			productType = "com.apple.product-type.application";
		};
/* End PBXNativeTarget section */

/* Begin PBXProject section */
		AF152F562ABE9A0800C3C8E0 /* Project object */ = {
			isa = PBXProject;
			attributes = {
				BuildIndependentTargetsInParallel = 1;
				LastSwiftUpdateCheck = 1430;
				LastUpgradeCheck = 1430;
				TargetAttributes = {
					AF152F5D2ABE9A0800C3C8E0 = {
						CreatedOnToolsVersion = 14.3;
					};
				};
			};
			buildConfigurationList = AF152F592ABE9A0800C3C8E0 /* Build configuration list for PBXProject "Pokedex" */;
			compatibilityVersion = "Xcode 14.0";
			developmentRegion = en;
			hasScannedForEncodings = 0;
			knownRegions = (
				en,
				Base,
			);
			mainGroup = AF152F552ABE9A0800C3C8E0;
			packageReferences = (
				AF152F7D2ABECAAF00C3C8E0 /* XCRemoteSwiftPackageReference "Kingfisher" */,
			);
			productRefGroup = AF152F5F2ABE9A0800C3C8E0 /* Products */;
			projectDirPath = "";
			projectRoot = "";
			targets = (
				AF152F5D2ABE9A0800C3C8E0 /* Pokedex */,
			);
		};
/* End PBXProject section */

/* Begin PBXResourcesBuildPhase section */
		AF152F5C2ABE9A0800C3C8E0 /* Resources */ = {
			isa = PBXResourcesBuildPhase;
			buildActionMask = 2147483647;
			files = (
				AF152F692ABE9A0A00C3C8E0 /* Preview Assets.xcassets in Resources */,
				AF152F662ABE9A0A00C3C8E0 /* Assets.xcassets in Resources */,
			);
			runOnlyForDeploymentPostprocessing = 0;
		};
/* End PBXResourcesBuildPhase section */

/* Begin PBXSourcesBuildPhase section */
		AF152F5A2ABE9A0800C3C8E0 /* Sources */ = {
			isa = PBXSourcesBuildPhase;
			buildActionMask = 2147483647;
			files = (
				AF152F7A2ABEA9C300C3C8E0 /* PokemonCell.swift in Sources */,
				AF152F772ABEA00300C3C8E0 /* PokemonViewModel.swift in Sources */,
				AF152F642ABE9A0800C3C8E0 /* ContentView.swift in Sources */,
				AF152F7C2ABEBAEC00C3C8E0 /* PokedexView.swift in Sources */,
				AF152F622ABE9A0800C3C8E0 /* PokedexApp.swift in Sources */,
				AF152F742ABE9DB800C3C8E0 /* Pokemon.swift in Sources */,
			);
			runOnlyForDeploymentPostprocessing = 0;
		};
/* End PBXSourcesBuildPhase section */

/* Begin XCBuildConfiguration section */
		AF152F6A2ABE9A0A00C3C8E0 /* Debug */ = {
			isa = XCBuildConfiguration;
			buildSettings = {
				ALWAYS_SEARCH_USER_PATHS = NO;
				CLANG_ANALYZER_NONNULL = YES;
				CLANG_ANALYZER_NUMBER_OBJECT_CONVERSION = YES_AGGRESSIVE;
				CLANG_CXX_LANGUAGE_STANDARD = "gnu++20";
				CLANG_ENABLE_MODULES = YES;
				CLANG_ENABLE_OBJC_ARC = YES;
				CLANG_ENABLE_OBJC_WEAK = YES;
				CLANG_WARN_BLOCK_CAPTURE_AUTORELEASING = YES;
				CLANG_WARN_BOOL_CONVERSION = YES;
				CLANG_WARN_COMMA = YES;
				CLANG_WARN_CONSTANT_CONVERSION = YES;
				CLANG_WARN_DEPRECATED_OBJC_IMPLEMENTATIONS = YES;
				CLANG_WARN_DIRECT_OBJC_ISA_USAGE = YES_ERROR;
				CLANG_WARN_DOCUMENTATION_COMMENTS = YES;
				CLANG_WARN_EMPTY_BODY = YES;
				CLANG_WARN_ENUM_CONVERSION = YES;
				CLANG_WARN_INFINITE_RECURSION = YES;
				CLANG_WARN_INT_CONVERSION = YES;
				CLANG_WARN_NON_LITERAL_NULL_CONVERSION = YES;
				CLANG_WARN_OBJC_IMPLICIT_RETAIN_SELF = YES;
				CLANG_WARN_OBJC_LITERAL_CONVERSION = YES;
				CLANG_WARN_OBJC_ROOT_CLASS = YES_ERROR;
				CLANG_WARN_QUOTED_INCLUDE_IN_FRAMEWORK_HEADER = YES;
				CLANG_WARN_RANGE_LOOP_ANALYSIS = YES;
				CLANG_WARN_STRICT_PROTOTYPES = YES;
				CLANG_WARN_SUSPICIOUS_MOVE = YES;
				CLANG_WARN_UNGUARDED_AVAILABILITY = YES_AGGRESSIVE;
				CLANG_WARN_UNREACHABLE_CODE = YES;
				CLANG_WARN__DUPLICATE_METHOD_MATCH = YES;
				COPY_PHASE_STRIP = NO;
				DEBUG_INFORMATION_FORMAT = dwarf;
				ENABLE_STRICT_OBJC_MSGSEND = YES;
				ENABLE_TESTABILITY = YES;
				GCC_C_LANGUAGE_STANDARD = gnu11;
				GCC_DYNAMIC_NO_PIC = NO;
				GCC_NO_COMMON_BLOCKS = YES;
				GCC_OPTIMIZATION_LEVEL = 0;
				GCC_PREPROCESSOR_DEFINITIONS = (
					"DEBUG=1",
					"$(inherited)",
				);
				GCC_WARN_64_TO_32_BIT_CONVERSION = YES;
				GCC_WARN_ABOUT_RETURN_TYPE = YES_ERROR;
				GCC_WARN_UNDECLARED_SELECTOR = YES;
				GCC_WARN_UNINITIALIZED_AUTOS = YES_AGGRESSIVE;
				GCC_WARN_UNUSED_FUNCTION = YES;
				GCC_WARN_UNUSED_VARIABLE = YES;
				IPHONEOS_DEPLOYMENT_TARGET = 16.4;
				MTL_ENABLE_DEBUG_INFO = INCLUDE_SOURCE;
				MTL_FAST_MATH = YES;
				ONLY_ACTIVE_ARCH = YES;
				SDKROOT = iphoneos;
				SWIFT_ACTIVE_COMPILATION_CONDITIONS = DEBUG;
				SWIFT_OPTIMIZATION_LEVEL = "-Onone";
			};
			name = Debug;
		};
		AF152F6B2ABE9A0A00C3C8E0 /* Release */ = {
			isa = XCBuildConfiguration;
			buildSettings = {
				ALWAYS_SEARCH_USER_PATHS = NO;
				CLANG_ANALYZER_NONNULL = YES;
				CLANG_ANALYZER_NUMBER_OBJECT_CONVERSION = YES_AGGRESSIVE;
				CLANG_CXX_LANGUAGE_STANDARD = "gnu++20";
				CLANG_ENABLE_MODULES = YES;
				CLANG_ENABLE_OBJC_ARC = YES;
				CLANG_ENABLE_OBJC_WEAK = YES;
				CLANG_WARN_BLOCK_CAPTURE_AUTORELEASING = YES;
				CLANG_WARN_BOOL_CONVERSION = YES;
				CLANG_WARN_COMMA = YES;
				CLANG_WARN_CONSTANT_CONVERSION = YES;
				CLANG_WARN_DEPRECATED_OBJC_IMPLEMENTATIONS = YES;
				CLANG_WARN_DIRECT_OBJC_ISA_USAGE = YES_ERROR;
				CLANG_WARN_DOCUMENTATION_COMMENTS = YES;
				CLANG_WARN_EMPTY_BODY = YES;
				CLANG_WARN_ENUM_CONVERSION = YES;
				CLANG_WARN_INFINITE_RECURSION = YES;
				CLANG_WARN_INT_CONVERSION = YES;
				CLANG_WARN_NON_LITERAL_NULL_CONVERSION = YES;
				CLANG_WARN_OBJC_IMPLICIT_RETAIN_SELF = YES;
				CLANG_WARN_OBJC_LITERAL_CONVERSION = YES;
				CLANG_WARN_OBJC_ROOT_CLASS = YES_ERROR;
				CLANG_WARN_QUOTED_INCLUDE_IN_FRAMEWORK_HEADER = YES;
				CLANG_WARN_RANGE_LOOP_ANALYSIS = YES;
				CLANG_WARN_STRICT_PROTOTYPES = YES;
				CLANG_WARN_SUSPICIOUS_MOVE = YES;
				CLANG_WARN_UNGUARDED_AVAILABILITY = YES_AGGRESSIVE;
				CLANG_WARN_UNREACHABLE_CODE = YES;
				CLANG_WARN__DUPLICATE_METHOD_MATCH = YES;
				COPY_PHASE_STRIP = NO;
				DEBUG_INFORMATION_FORMAT = "dwarf-with-dsym";
				ENABLE_NS_ASSERTIONS = NO;
				ENABLE_STRICT_OBJC_MSGSEND = YES;
				GCC_C_LANGUAGE_STANDARD = gnu11;
				GCC_NO_COMMON_BLOCKS = YES;
				GCC_WARN_64_TO_32_BIT_CONVERSION = YES;
				GCC_WARN_ABOUT_RETURN_TYPE = YES_ERROR;
				GCC_WARN_UNDECLARED_SELECTOR = YES;
				GCC_WARN_UNINITIALIZED_AUTOS = YES_AGGRESSIVE;
				GCC_WARN_UNUSED_FUNCTION = YES;
				GCC_WARN_UNUSED_VARIABLE = YES;
				IPHONEOS_DEPLOYMENT_TARGET = 16.4;
				MTL_ENABLE_DEBUG_INFO = NO;
				MTL_FAST_MATH = YES;
				SDKROOT = iphoneos;
				SWIFT_COMPILATION_MODE = wholemodule;
				SWIFT_OPTIMIZATION_LEVEL = "-O";
				VALIDATE_PRODUCT = YES;
			};
			name = Release;
		};
		AF152F6D2ABE9A0A00C3C8E0 /* Debug */ = {
			isa = XCBuildConfiguration;
			buildSettings = {
				ASSETCATALOG_COMPILER_APPICON_NAME = AppIcon;
				ASSETCATALOG_COMPILER_GLOBAL_ACCENT_COLOR_NAME = AccentColor;
				CODE_SIGN_STYLE = Automatic;
				CURRENT_PROJECT_VERSION = 1;
				DEVELOPMENT_ASSET_PATHS = "\"Pokedex/Preview Content\"";
				ENABLE_PREVIEWS = YES;
				GENERATE_INFOPLIST_FILE = YES;
				INFOPLIST_KEY_UIApplicationSceneManifest_Generation = YES;
				INFOPLIST_KEY_UIApplicationSupportsIndirectInputEvents = YES;
				INFOPLIST_KEY_UILaunchScreen_Generation = YES;
				INFOPLIST_KEY_UISupportedInterfaceOrientations_iPad = "UIInterfaceOrientationPortrait UIInterfaceOrientationPortraitUpsideDown UIInterfaceOrientationLandscapeLeft UIInterfaceOrientationLandscapeRight";
				INFOPLIST_KEY_UISupportedInterfaceOrientations_iPhone = "UIInterfaceOrientationPortrait UIInterfaceOrientationLandscapeLeft UIInterfaceOrientationLandscapeRight";
				LD_RUNPATH_SEARCH_PATHS = (
					"$(inherited)",
					"@executable_path/Frameworks",
				);
				MARKETING_VERSION = 1.0;
				PRODUCT_BUNDLE_IDENTIFIER = shwaaaa.Pokedex;
				PRODUCT_NAME = "$(TARGET_NAME)";
				SWIFT_EMIT_LOC_STRINGS = YES;
				SWIFT_VERSION = 5.0;
				TARGETED_DEVICE_FAMILY = "1,2";
			};
			name = Debug;
		};
		AF152F6E2ABE9A0A00C3C8E0 /* Release */ = {
			isa = XCBuildConfiguration;
			buildSettings = {
				ASSETCATALOG_COMPILER_APPICON_NAME = AppIcon;
				ASSETCATALOG_COMPILER_GLOBAL_ACCENT_COLOR_NAME = AccentColor;
				CODE_SIGN_STYLE = Automatic;
				CURRENT_PROJECT_VERSION = 1;
				DEVELOPMENT_ASSET_PATHS = "\"Pokedex/Preview Content\"";
				ENABLE_PREVIEWS = YES;
				GENERATE_INFOPLIST_FILE = YES;
				INFOPLIST_KEY_UIApplicationSceneManifest_Generation = YES;
				INFOPLIST_KEY_UIApplicationSupportsIndirectInputEvents = YES;
				INFOPLIST_KEY_UILaunchScreen_Generation = YES;
				INFOPLIST_KEY_UISupportedInterfaceOrientations_iPad = "UIInterfaceOrientationPortrait UIInterfaceOrientationPortraitUpsideDown UIInterfaceOrientationLandscapeLeft UIInterfaceOrientationLandscapeRight";
				INFOPLIST_KEY_UISupportedInterfaceOrientations_iPhone = "UIInterfaceOrientationPortrait UIInterfaceOrientationLandscapeLeft UIInterfaceOrientationLandscapeRight";
				LD_RUNPATH_SEARCH_PATHS = (
					"$(inherited)",
					"@executable_path/Frameworks",
				);
				MARKETING_VERSION = 1.0;
				PRODUCT_BUNDLE_IDENTIFIER = shwaaaa.Pokedex;
				PRODUCT_NAME = "$(TARGET_NAME)";
				SWIFT_EMIT_LOC_STRINGS = YES;
				SWIFT_VERSION = 5.0;
				TARGETED_DEVICE_FAMILY = "1,2";
			};
			name = Release;
		};
/* End XCBuildConfiguration section */

/* Begin XCConfigurationList section */
		AF152F592ABE9A0800C3C8E0 /* Build configuration list for PBXProject "Pokedex" */ = {
			isa = XCConfigurationList;
			buildConfigurations = (
				AF152F6A2ABE9A0A00C3C8E0 /* Debug */,
				AF152F6B2ABE9A0A00C3C8E0 /* Release */,
			);
			defaultConfigurationIsVisible = 0;
			defaultConfigurationName = Release;
		};
		AF152F6C2ABE9A0A00C3C8E0 /* Build configuration list for PBXNativeTarget "Pokedex" */ = {
			isa = XCConfigurationList;
			buildConfigurations = (
				AF152F6D2ABE9A0A00C3C8E0 /* Debug */,
				AF152F6E2ABE9A0A00C3C8E0 /* Release */,
			);
			defaultConfigurationIsVisible = 0;
			defaultConfigurationName = Release;
		};
/* End XCConfigurationList section */

/* Begin XCRemoteSwiftPackageReference section */
		AF152F7D2ABECAAF00C3C8E0 /* XCRemoteSwiftPackageReference "Kingfisher" */ = {
			isa = XCRemoteSwiftPackageReference;
			repositoryURL = "https://github.com/onevcat/Kingfisher.git";
			requirement = {
				kind = upToNextMajorVersion;
				minimumVersion = 7.0.0;
			};
		};
/* End XCRemoteSwiftPackageReference section */

/* Begin XCSwiftPackageProductDependency section */
		AF152F7E2ABECAAF00C3C8E0 /* Kingfisher */ = {
			isa = XCSwiftPackageProductDependency;
			package = AF152F7D2ABECAAF00C3C8E0 /* XCRemoteSwiftPackageReference "Kingfisher" */;
			productName = Kingfisher;
		};
/* End XCSwiftPackageProductDependency section */
	};
	rootObject = AF152F562ABE9A0800C3C8E0 /* Project object */;
}
